{
  "name": "explorer-editor",
  "version": "1.0.0",
  "lockfileVersion": 1,
  "requires": true,
  "dependencies": {
    "@json-editor/json-editor": {
      "version": "1.1.0-beta.1",
      "resolved": "https://registry.npmjs.org/@json-editor/json-editor/-/json-editor-1.1.0-beta.1.tgz",
      "integrity": "sha512-IA1bsbd5+E2uJhOgh34sGggy6l1CLjshl8LDnPN88SooBENiFMtgENMGf8XIUqUKyiVe99U5YERpnyMP1xNU3A=="
    },
    "bootstrap": {
      "version": "4.1.1",
      "resolved": "https://registry.npmjs.org/bootstrap/-/bootstrap-4.1.1.tgz",
      "integrity": "sha512-SpiDSOcbg4J/PjVSt4ny5eY6j74VbVSjROY4Fb/WIUXBV9cnb5luyR4KnPvNoXuGnBK1T+nJIWqRsvU3yP8Mcg=="
    }
  }
}
